
Microsoft Visual Studio Solution File, Format Version 12.00
# Visual Studio 15
Project("{FAE04EC0-301F-11D3-BF4B-00C04F79EFBC}") = "Assembly-CSharp", "Assembly-CSharp.csproj", "{5F2F58FE-710A-4845-6356-5F6B4841E0F0}"
EndProject
Project("{FAE04EC0-301F-11D3-BF4B-00C04F79EFBC}") = "Assembly-CSharp-Editor", "Assembly-CSharp-Editor.csproj", "{977F8E6F-9AD8-4B7F-0FF1-E5D2017F9F11}"
EndProject
Global
	GlobalSection(SolutionConfigurationPlatforms) = preSolution
		Debug|Any CPU = Debug|Any CPU
		Release|Any CPU = Release|Any CPU
	EndGlobalSection
	GlobalSection(ProjectConfigurationPlatforms) = postSolution
		{5F2F58FE-710A-4845-6356-5F6B4841E0F0}.Debug|Any CPU.ActiveCfg = Debug|Any CPU
		{5F2F58FE-710A-4845-6356-5F6B4841E0F0}.Debug|Any CPU.Build.0 = Debug|Any CPU
		{5F2F58FE-710A-4845-6356-5F6B4841E0F0}.Release|Any CPU.ActiveCfg = Release|Any CPU
		{5F2F58FE-710A-4845-6356-5F6B4841E0F0}.Release|Any CPU.Build.0 = Release|Any CPU
		{977F8E6F-9AD8-4B7F-0FF1-E5D2017F9F11}.Debug|Any CPU.ActiveCfg = Debug|Any CPU
		{977F8E6F-9AD8-4B7F-0FF1-E5D2017F9F11}.Debug|Any CPU.Build.0 = Debug|Any CPU
		{977F8E6F-9AD8-4B7F-0FF1-E5D2017F9F11}.Release|Any CPU.ActiveCfg = Release|Any CPU
		{977F8E6F-9AD8-4B7F-0FF1-E5D2017F9F11}.Release|Any CPU.Build.0 = Release|Any CPU
	EndGlobalSection
	GlobalSection(SolutionProperties) = preSolution
		HideSolutionNode = FALSE
	EndGlobalSection
EndGlobal
